lockfileVersion: '9.0'

settings:
  autoInstallPeers: true
  excludeLinksFromLockfile: false

importers:

  .:
    dependencies:
      '@vueuse/head':
        specifier: ^2.0.0
        version: 2.0.0(vue@3.5.41)
      vue:
        specifier: ^3.2.47
        version: 3.5.41
      vue-router:
        specifier: ^4.1.6
        version: 4.6.4(vue@3.5.41)
    devDependencies:
      '@vitejs/plugin-vue':
        specifier: ^4.1.0
        version: 4.1.0(vite@4.3.9)(vue@3.5.41)
      vite:
        specifier: ^4.3.9
        version: 4.3.9

packages:

  '@babel/helper-string-parser@7.29.7':
    resolution: {integrity: sha512-Pb5ijPrZ89GDH8223L4UP8i6QApWxs04RbPQJTeWDV0/keR2E36MeKnyr6LYmUUvqRRI+Iv87SuF1W6ErINzYw==}
    engines: {node: '>=6.9.0'}

  '@babel/helper-validator-identifier@7.29.7':
    resolution: {integrity: sha512-qehxGkRj55h/ff8EMaJ+cYhyaKlHIxqYDn682wQD7RNp9UujOQsHog2uS0r2vzr4pW+sXf90NeeayjcNaX3fFg==}
    engines: {node: '>=6.9.0'}

  '@babel/parser@7.29.8':
    resolution: {integrity: sha512-E8lTAYNB1KW+FH+VGJuZM1ioAx2E6oVlvQFRrf5P8ZZmsiJXYAD9vTFV7yyEURNzgh1dFqMZuO6tUwcARbqFCA==}
    engines: {node: '>=6.0.0'}
    hasBin: true

  '@babel/types@7.29.8':
    resolution: {integrity: sha512-Vj1jF3cPfxg7OAfoI7QnVKLoILlm2JF9pnVHrX8qx7AHMiYWT+NDAA7jChlNgRS4WTLc/fD1lXLmPixluj+3Gg==}
    engines: {node: '>=6.9.0'}

  '@esbuild/android-arm64@0.17.5':
    resolution: {integrity: sha512-KHWkDqYAMmKZjY4RAN1PR96q6UOtfkWlTS8uEwWxdLtkRt/0F/csUhXIrVfaSIFxnscIBMPynGfhsMwQDRIBQw==}
    engines: {node: '>=12'}
    cpu: [arm64]
    os: [android]

  '@esbuild/android-arm@0.17.5':
    resolution: {integrity: sha512-crmPUzgCmF+qZXfl1YkiFoUta2XAfixR1tEnr/gXIixE+WL8Z0BGqfydP5oox0EUOgQMMRgtATtakyAcClQVqQ==}
    engines: {node: '>=12'}
    cpu: [arm]
    os: [android]

  '@esbuild/android-x64@0.17.5':
    resolution: {integrity: sha512-8fI/AnIdmWz/+1iza2WrCw8kwXK9wZp/yZY/iS8ioC+U37yJCeppi9EHY05ewJKN64ASoBIseufZROtcFnX5GA==}
    engines: {node: '>=12'}
    cpu: [x64]
    os: [android]

  '@esbuild/darwin-arm64@0.17.5':
    resolution: {integrity: sha512-EAvaoyIySV6Iif3NQCglUNpnMfHSUgC5ugt2efl3+QDntucJe5spn0udNZjTgNi6tKVqSceOw9tQ32liNZc1Xw==}
    engines: {node: '>=12'}
    cpu: [arm64]
    os: [darwin]

  '@esbuild/darwin-x64@0.17.5':
    resolution: {integrity: sha512-ha7QCJh1fuSwwCgoegfdaljowwWozwTDjBgjD3++WAy/qwee5uUi1gvOg2WENJC6EUyHBOkcd3YmLDYSZ2TPPA==}
    engines: {node: '>=12'}
    cpu: [x64]
    os: [darwin]

  '@esbuild/freebsd-arm64@0.17.5':
    resolution: {integrity: sha512-VbdXJkn2aI2pQ/wxNEjEcnEDwPpxt3CWWMFYmO7CcdFBoOsABRy2W8F3kjbF9F/pecEUDcI3b5i2w+By4VQFPg==}
    engines: {node: '>=12'}
    cpu: [arm64]
    os: [freebsd]

  '@esbuild/freebsd-x64@0.17.5':
    resolution: {integrity: sha512-olgGYND1/XnnWxwhjtY3/ryjOG/M4WfcA6XH8dBTH1cxMeBemMODXSFhkw71Kf4TeZFFTN25YOomaNh0vq2iXg==}
    engines: {node: '>=12'}
    cpu: [x64]
    os: [freebsd]

  '@esbuild/linux-arm64@0.17.5':
    resolution: {integrity: sha512-8a0bqSwu3OlLCfu2FBbDNgQyBYdPJh1B9PvNX7jMaKGC9/KopgHs37t+pQqeMLzcyRqG6z55IGNQAMSlCpBuqg==}
    engines: {node: '>=12'}
    cpu: [arm64]
    os: [linux]

  '@esbuild/linux-arm@0.17.5':
    resolution: {integrity: sha512-YBdCyQwA3OQupi6W2/WO4FnI+NWFWe79cZEtlbqSESOHEg7a73htBIRiE6uHPQe7Yp5E4aALv+JxkRLGEUL7tw==}
    engines: {node: '>=12'}
    cpu: [arm]
    os: [linux]

  '@esbuild/linux-ia32@0.17.5':
    resolution: {integrity: sha512-uCwm1r/+NdP7vndctgq3PoZrnmhmnecWAr114GWMRwg2QMFFX+kIWnp7IO220/JLgnXK/jP7VKAFBGmeOYBQYQ==}
    engines: {node: '>=12'}
    cpu: [ia32]
    os: [linux]

  '@esbuild/linux-loong64@0.17.5':
    resolution: {integrity: sha512-3YxhSBl5Sb6TtBjJu+HP93poBruFzgXmf3PVfIe4xOXMj1XpxboYZyw3W8BhoX/uwxzZz4K1I99jTE/5cgDT1g==}
    engines: {node: '>=12'}
    cpu: [loong64]
    os: [linux]

  '@esbuild/linux-mips64el@0.17.5':
    resolution: {integrity: sha512-Hy5Z0YVWyYHdtQ5mfmfp8LdhVwGbwVuq8mHzLqrG16BaMgEmit2xKO+iDakHs+OetEx0EN/2mUzDdfdktI+Nmg==}
    engines: {node: '>=12'}
    cpu: [mips64el]
    os: [linux]

  '@esbuild/linux-ppc64@0.17.5':
    resolution: {integrity: sha512-5dbQvBLbU/Y3Q4ABc9gi23hww1mQcM7KZ9KBqabB7qhJswYMf8WrDDOSw3gdf3p+ffmijMd28mfVMvFucuECyg==}
    engines: {node: '>=12'}
    cpu: [ppc64]
    os: [linux]

  '@esbuild/linux-riscv64@0.17.5':
    resolution: {integrity: sha512-fp/KUB/ZPzEWGTEUgz9wIAKCqu7CjH1GqXUO2WJdik1UNBQ7Xzw7myIajpxztE4Csb9504ERiFMxZg5KZ6HlZQ==}
    engines: {node: '>=12'}
    cpu: [riscv64]
    os: [linux]

  '@esbuild/linux-s390x@0.17.5':
    resolution: {integrity: sha512-kRV3yw19YDqHTp8SfHXfObUFXlaiiw4o2lvT1XjsPZ++22GqZwSsYWJLjMi1Sl7j9qDlDUduWDze/nQx0d6Lzw==}
    engines: {node: '>=12'}
    cpu: [s390x]
    os: [linux]

  '@esbuild/linux-x64@0.17.5':
    resolution: {integrity: sha512-vnxuhh9e4pbtABNLbT2ANW4uwQ/zvcHRCm1JxaYkzSehugoFd5iXyC4ci1nhXU13mxEwCnrnTIiiSGwa/uAF1g==}
    engines: {node: '>=12'}
    cpu: [x64]
    os: [linux]

  '@esbuild/netbsd-x64@0.17.5':
    resolution: {integrity: sha512-cigBpdiSx/vPy7doUyImsQQBnBjV5f1M99ZUlaJckDAJjgXWl6y9W17FIfJTy8TxosEF6MXq+fpLsitMGts2nA==}
    engines: {node: '>=12'}
    cpu: [x64]
    os: [netbsd]

  '@esbuild/openbsd-x64@0.17.5':
    resolution: {integrity: sha512-VdqRqPVIjjZfkf40LrqOaVuhw9EQiAZ/GNCSM2UplDkaIzYVsSnycxcFfAnHdWI8Gyt6dO15KHikbpxwx+xHbw==}
    engines: {node: '>=12'}
    cpu: [x64]
    os: [openbsd]

  '@esbuild/sunos-x64@0.17.5':
    resolution: {integrity: sha512-ItxPaJ3MBLtI4nK+mALLEoUs6amxsx+J1ibnfcYMkqaCqHST1AkF4aENpBehty3czqw64r/XqL+W9WqU6kc2Qw==}
    engines: {node: '>=12'}
    cpu: [x64]
    os: [sunos]

  '@esbuild/win32-arm64@0.17.5':
    resolution: {integrity: sha512-4u2Q6qsJTYNFdS9zHoAi80spzf78C16m2wla4eJPh4kSbRv+BpXIfl6TmBSWupD8e47B1NrTfrOlEuco7mYQtg==}
    engines: {node: '>=12'}
    cpu: [arm64]
    os: [win32]

  '@esbuild/win32-ia32@0.17.5':
    resolution: {integrity: sha512-KYlm+Xu9TXsfTWAcocLuISRtqxKp/Y9ZBVg6CEEj0O5J9mn7YvBKzAszo2j1ndyzUPk+op+Tie2PJeN+BnXGqQ==}
    engines: {node: '>=12'}
    cpu: [ia32]
    os: [win32]

  '@esbuild/win32-x64@0.17.5':
    resolution: {integrity: sha512-XgA9qWRqby7xdYXuF6KALsn37QGBMHsdhmnpjfZtYxKxbTOwfnDM6MYi2WuUku5poNaX2n9XGVr20zgT/2QwCw==}
    engines: {node: '>=12'}
    cpu: [x64]
    os: [win32]

  '@jridgewell/sourcemap-codec@1.5.5':
    resolution: {integrity: sha512-cYQ9310grqxueWbl+WuIUIaiUaDcj7WOq5fVhEljNVgRfOUhY9fy2zTvfoqWsnebh8Sl70VScFbICvJnLKB0Og==}

  '@unhead/dom@1.7.0':
    resolution: {integrity: sha512-stmQRicSlv5fvAi6hD2pGhjGTCg7HTqNdVbfZXMrNhqA11aLmsY0zB0Dqa+VxEQqM493ORojGywQJNfo+f7wog==}

  '@unhead/schema@1.7.0':
    resolution: {integrity: sha512-mXDBW3h8c2x3JUOTVyEGCM7Cvy8vnDERbdBh8mZgTOFu90xy317MYN6RGaZRHt5lTqQ0dWzotmNuoYJcHAIIjg==}

  '@unhead/shared@1.7.0':
    resolution: {integrity: sha512-Etbw+OcN/cAWS2BCQyPmSqvPpECMthHsRv+/mSh8ykuZ6baU/0JR+Jk/oh3bOAwtmoM1jJiBU37gz68icZev0w==}

  '@unhead/ssr@1.7.0':
    resolution: {integrity: sha512-2bI1Goqr0TJqM/DI6D9Q/DWDw4Qs8Y+/RHaeb5UnavNjUHEpCrKY3XL7RMGWeMaGRcQ0hhn5hjv+SyanA4kf5w==}

  '@unhead/vue@1.7.0':
    resolution: {integrity: sha512-MnRqWbbwE9mAywM7dDsfVZZGDzf/b4t4YoKq88dM2qW/cJ7yOJZTeXag/6WwwQU9TWzAvDhmq6vUgUyv/ZTCnQ==}
    peerDependencies:
      vue: '>=2.7 || >=3'

  '@vitejs/plugin-vue@4.1.0':
    resolution: {integrity: sha512-++9JOAFdcXI3lyer9UKUV4rfoQ3T1RN8yDqoCLar86s0xQct5yblxAE+yWgRnU5/0FOlVCpTZpYSBV/bGWrSrQ==}
    engines: {node: ^14.18.0 || >=16.0.0}
    peerDependencies:
      vite: ^4.0.0
      vue: ^3.2.25

  '@vue/compiler-core@3.5.41':
    resolution: {integrity: sha512-q0Xtv/F9w2YO/7htQhtiL+Ev2WCJbe5N2hc+XfgyKkEKqWpSxknmT8QOuGdEKNdjPq0c3F7rNpFkTo3Kfrm7pg==}

  '@vue/compiler-dom@3.5.41':
    resolution: {integrity: sha512-oKacVfNglLvGjnS6BXOlGL7EyG2h8X03pqXCjzotRZUaXGjbrTJUnVAQjrCqUnS+lyu31nwQjZY/d817GmCnfw==}

  '@vue/compiler-sfc@3.5.41':
    resolution: {integrity: sha512-XJhip7R2wy6vX3knCxdZN4KracFaZUef58s1KYewqluedHIJaPIVfXoYT7MF1F8nCvv6k8bWWxDC8opMkg1VTQ==}

  '@vue/compiler-ssr@3.5.41':
    resolution: {integrity: sha512-U3v5OejKEGqOI0Wy0+Sz7hGuIFZHA4LSXzrNM3IMIeDyJEBBfTpX26n3SDgToRpP2bLc9FfI2j/kSgcJ8Emq5A==}

  '@vue/devtools-api@6.6.4':
    resolution: {integrity: sha512-sGhTPMuXqZ1rVOk32RylztWkfXTRhuS7vgAKv0zjqk8gbsHkJ7xfFf+jbySxt7tWObEJwyKaHMikV/WGDiQm8g==}

  '@vue/reactivity@3.5.41':
    resolution: {integrity: sha512-rznsqKM0np0x18EjzF8x88MpEhdNsffbvFbckLL5+oUKz1BxAImEmO7J1ArRYSyo6aQaVoBDp7jEkT91OOxydA==}

  '@vue/runtime-core@3.5.41':
    resolution: {integrity: sha512-Vcry58hiAKwGen9Z1jUZE0feFsNArPCMOImYI8el48A9Idf6DuQYD0U05zZIF2Iad1hGhPSvcbBbAOhNr55fhg==}

  '@vue/runtime-dom@3.5.41':
    resolution: {integrity: sha512-3vVBahVBS9+U6cmXBLyb8nE6/yYo4J/CGI9eVFs3KiMc0YHuudwKyShTD65jtJy/L9PUUxNAFu4cj4LiJ0UFbw==}

  '@vue/server-renderer@3.5.41':
    resolution: {integrity: sha512-n6hx/pNFfbD6SuyeuMVkvqox8bwf/ET9JlA/kAz/imw8sw++wkqKe2mHX5KutjPpbKE4Z56yTHszoOjGMI9igQ==}

  '@vue/shared@3.5.41':
    resolution: {integrity: sha512-IOnwSCma8j+9xJT6b8H0dEYidC80NsYmNMlZxRsukYcSoGaDBohog5hDxzeUXdFeGWFA++vWvxqOmrr96VlqMA==}

  '@vueuse/head@2.0.0':
    resolution: {integrity: sha512-ykdOxTGs95xjD4WXE4na/umxZea2Itl0GWBILas+O4oqS7eXIods38INvk3XkJKjqMdWPcpCyLX/DioLQxU1KA==}
    peerDependencies:
      vue: '>=2.7 || >=3'

  csstype@3.2.3:
    resolution: {integrity: sha512-z1HGKcYy2xA8AGQfwrn0PAy+PB7X/GSj3UVJW9qKyn43xWa+gl5nXmU4qqLMRzWVLFC8KusUX8T/0kCiOYpAIQ==}

  entities@7.0.1:
    resolution: {integrity: sha512-TWrgLOFUQTH994YUyl1yT4uyavY5nNB5muff+RtWaqNVCAK408b5ZnnbNAUEWLTCpum9w6arT70i1XdQ4UeOPA==}
    engines: {node: '>=0.12'}

  esbuild@0.17.5:
    resolution: {integrity: sha512-Bu6WLCc9NMsNoMJUjGl3yBzTjVLXdysMltxQWiLAypP+/vQrf+3L1Xe8fCXzxaECus2cEJ9M7pk4yKatEwQMqQ==}
    engines: {node: '>=12'}
    hasBin: true

  estree-walker@2.0.2:
    resolution: {integrity: sha512-Rfkk/Mp/DL7JVje3u18FxFujQlTNR2q6QfMSMB7AvCBx91NGj/ba3kCfza0f6dVDbw7YlRf/nDrn7pQrCCyQ/w==}

  fsevents@2.3.3:
    resolution: {integrity: sha512-5xoDfX+fL7faATnagmWPpbFtwh/R77WmMMqqHGS65C3vvB0YHrgF+B1YmZ3441tMj5n63k0212XNoJwzlhffQw==}
    engines: {node: ^8.16.0 || ^10.6.0 || >=11.0.0}
    os: [darwin]

  hookable@5.5.3:
    resolution: {integrity: sha512-Yc+BQe8SvoXH1643Qez1zqLRmbA5rCL+sSmk6TVos0LWVfNIB7PGncdlId77WzLGSIB5KaWgTaNTs2lNVEI6VQ==}

  magic-string@0.30.21:
    resolution: {integrity: sha512-vd2F4YUyEXKGcLHoq+TEyCjxueSeHnFxyyjNp80yg0XV4vUhnDer/lvvlqM/arB5bXQN5K2/3oinyCRyx8T2CQ==}

  nanoid@3.3.18:
    resolution: {integrity: sha512-DTg4MJbGMWkfi6VZFdNt2/caMbQy4Ou+Op/hJQvGEWcnVfoA1QA+xzRKAzw9jD6+GVOOeYr/mIcuDSdug6F6+w==}
    engines: {node: ^10 || ^12 || ^13.7 || ^14 || >=15.0.1}
    hasBin: true

  picocolors@1.1.1:
    resolution: {integrity: sha512-xceH2snhtb5M9liqDsmEw56le376mTZkEX/jEb/RxNFyegNul7eNslCXP9FDj/Lcu0X8KEyMceP2ntpaHrDEVA==}

  postcss@8.5.26:
    resolution: {integrity: sha512-u82N74LFzG8ca+dD8puPnplTXoGH4fTPpVGuIbt36G3qvNlkvfD0lEAZSxaly3KX8TS/L1A1gsCEmvKmBcVbkQ==}
    engines: {node: ^10 || ^12 || >=14}

  rollup@3.30.0:
    resolution: {integrity: sha512-kQvGasUgN+AlWGliFn2POSajRQEsULVYFGTvOZmK06d7vCD+YhZztt70kGk3qaeAXeWYL5eO7zx+rAubBc55eA==}
    engines: {node: '>=14.18.0', npm: '>=8.0.0'}
    hasBin: true

  source-map-js@1.2.1:
    resolution: {integrity: sha512-UXWMKhLOwVKb728IUtQPXxfYU+usdybtUrK/8uGE8CQMvrhOpwvzDBwj0QhSL7MQc7vIsISBG8VQ8+IDQxpfQA==}
    engines: {node: '>=0.10.0'}

  unhead@1.7.0:
    resolution: {integrity: sha512-ql8U2dEf6de+8Bfy6MyHNbhKLkDE8sxWOEcDvHUsoKQ3eGjCiQbdMw8ha8r/jBs12bpgauQRC0p6kvIVSjR/og==}

  vite@4.3.9:
    resolution: {integrity: sha512-qsTNZjO9NoJNW7KnOrgYwczm0WctJ8m/yqYAMAK9Lxt4SoySUfS5S8ia9K7JHpa3KEeMfyF8LoJ3c5NeBJy6pg==}
    engines: {node: ^14.18.0 || >=16.0.0}
    hasBin: true
    peerDependencies:
      '@types/node': '>= 14'
      less: '*'
      sass: '*'
      stylus: '*'
      sugarss: '*'
      terser: ^5.4.0
    peerDependenciesMeta:
      '@types/node':
        optional: true
      less:
        optional: true
      sass:
        optional: true
      stylus:
        optional: true
      sugarss:
        optional: true
      terser:
        optional: true

  vue-router@4.6.4:
    resolution: {integrity: sha512-Hz9q5sa33Yhduglwz6g9skT8OBPii+4bFn88w6J+J4MfEo4KRRpmiNG/hHHkdbRFlLBOqxN8y8gf2Fb0MTUgVg==}
    peerDependencies:
      vue: ^3.5.0

  vue@3.5.41:
    resolution: {integrity: sha512-2laE0p+aK+/AOPG/XL/WepOs/GlK755LJ1XECi9kDUrz1FKNw8rb2Xzlw9JS1rqEV55nb0ttsKxVlTCcd+R5cg==}
    peerDependencies:
      typescript: '*'
    peerDependenciesMeta:
      typescript:
        optional: true

  zhead@2.2.4:
    resolution: {integrity: sha512-8F0OI5dpWIA5IGG5NHUg9staDwz/ZPxZtvGVf01j7vHqSyZ0raHY+78atOVxRqb73AotX22uV1pXt3gYSstGag==}

snapshots:

  '@babel/helper-string-parser@7.29.7': {}

  '@babel/helper-validator-identifier@7.29.7': {}

  '@babel/parser@7.29.8':
    dependencies:
      '@babel/types': 7.29.8

  '@babel/types@7.29.8':
    dependencies:
      '@babel/helper-string-parser': 7.29.7
      '@babel/helper-validator-identifier': 7.29.7

  '@esbuild/android-arm64@0.17.5':
    optional: true

  '@esbuild/android-arm@0.17.5':
    optional: true

  '@esbuild/android-x64@0.17.5':
    optional: true

  '@esbuild/darwin-arm64@0.17.5':
    optional: true

  '@esbuild/darwin-x64@0.17.5':
    optional: true

  '@esbuild/freebsd-arm64@0.17.5':
    optional: true

  '@esbuild/freebsd-x64@0.17.5':
    optional: true

  '@esbuild/linux-arm64@0.17.5':
    optional: true

  '@esbuild/linux-arm@0.17.5':
    optional: true

  '@esbuild/linux-ia32@0.17.5':
    optional: true

  '@esbuild/linux-loong64@0.17.5':
    optional: true

  '@esbuild/linux-mips64el@0.17.5':
    optional: true

  '@esbuild/linux-ppc64@0.17.5':
    optional: true

  '@esbuild/linux-riscv64@0.17.5':
    optional: true

  '@esbuild/linux-s390x@0.17.5':
    optional: true

  '@esbuild/linux-x64@0.17.5':
    optional: true

  '@esbuild/netbsd-x64@0.17.5':
    optional: true

  '@esbuild/openbsd-x64@0.17.5':
    optional: true

  '@esbuild/sunos-x64@0.17.5':
    optional: true

  '@esbuild/win32-arm64@0.17.5':
    optional: true

  '@esbuild/win32-ia32@0.17.5':
    optional: true

  '@esbuild/win32-x64@0.17.5':
    optional: true

  '@jridgewell/sourcemap-codec@1.5.5': {}

  '@unhead/dom@1.7.0':
    dependencies:
      '@unhead/schema': 1.7.0
      '@unhead/shared': 1.7.0

  '@unhead/schema@1.7.0':
    dependencies:
      hookable: 5.5.3
      zhead: 2.2.4

  '@unhead/shared@1.7.0':
    dependencies:
      '@unhead/schema': 1.7.0

  '@unhead/ssr@1.7.0':
    dependencies:
      '@unhead/schema': 1.7.0
      '@unhead/shared': 1.7.0

  '@unhead/vue@1.7.0(vue@3.5.41)':
    dependencies:
      '@unhead/schema': 1.7.0
      '@unhead/shared': 1.7.0
      hookable: 5.5.3
      unhead: 1.7.0
      vue: 3.5.41

  '@vitejs/plugin-vue@4.1.0(vite@4.3.9)(vue@3.5.41)':
    dependencies:
      vite: 4.3.9
      vue: 3.5.41

  '@vue/compiler-core@3.5.41':
    dependencies:
      '@babel/parser': 7.29.8
      '@vue/shared': 3.5.41
      entities: 7.0.1
      estree-walker: 2.0.2
      source-map-js: 1.2.1

  '@vue/compiler-dom@3.5.41':
    dependencies:
      '@vue/compiler-core': 3.5.41
      '@vue/shared': 3.5.41

  '@vue/compiler-sfc@3.5.41':
    dependencies:
      '@babel/parser': 7.29.8
      '@vue/compiler-core': 3.5.41
      '@vue/compiler-dom': 3.5.41
      '@vue/compiler-ssr': 3.5.41
      '@vue/shared': 3.5.41
      estree-walker: 2.0.2
      magic-string: 0.30.21
      postcss: 8.5.26
      source-map-js: 1.2.1

  '@vue/compiler-ssr@3.5.41':
    dependencies:
      '@vue/compiler-dom': 3.5.41
      '@vue/shared': 3.5.41

  '@vue/devtools-api@6.6.4': {}

  '@vue/reactivity@3.5.41':
    dependencies:
      '@vue/shared': 3.5.41

  '@vue/runtime-core@3.5.41':
    dependencies:
      '@vue/reactivity': 3.5.41
      '@vue/shared': 3.5.41

  '@vue/runtime-dom@3.5.41':
    dependencies:
      '@vue/reactivity': 3.5.41
      '@vue/runtime-core': 3.5.41
      '@vue/shared': 3.5.41
      csstype: 3.2.3

  '@vue/server-renderer@3.5.41':
    dependencies:
      '@vue/compiler-ssr': 3.5.41
      '@vue/runtime-dom': 3.5.41
      '@vue/shared': 3.5.41

  '@vue/shared@3.5.41': {}

  '@vueuse/head@2.0.0(vue@3.5.41)':
    dependencies:
      '@unhead/dom': 1.7.0
      '@unhead/schema': 1.7.0
      '@unhead/ssr': 1.7.0
      '@unhead/vue': 1.7.0(vue@3.5.41)
      vue: 3.5.41

  csstype@3.2.3: {}

  entities@7.0.1: {}

  esbuild@0.17.5:
    optionalDependencies:
      '@esbuild/android-arm': 0.17.5
      '@esbuild/android-arm64': 0.17.5
      '@esbuild/android-x64': 0.17.5
      '@esbuild/darwin-arm64': 0.17.5
      '@esbuild/darwin-x64': 0.17.5
      '@esbuild/freebsd-arm64': 0.17.5
      '@esbuild/freebsd-x64': 0.17.5
      '@esbuild/linux-arm': 0.17.5
      '@esbuild/linux-arm64': 0.17.5
      '@esbuild/linux-ia32': 0.17.5
      '@esbuild/linux-loong64': 0.17.5
      '@esbuild/linux-mips64el': 0.17.5
      '@esbuild/linux-ppc64': 0.17.5
      '@esbuild/linux-riscv64': 0.17.5
      '@esbuild/linux-s390x': 0.17.5
      '@esbuild/linux-x64': 0.17.5
      '@esbuild/netbsd-x64': 0.17.5
      '@esbuild/openbsd-x64': 0.17.5
      '@esbuild/sunos-x64': 0.17.5
      '@esbuild/win32-arm64': 0.17.5
      '@esbuild/win32-ia32': 0.17.5
      '@esbuild/win32-x64': 0.17.5

  estree-walker@2.0.2: {}

  fsevents@2.3.3:
    optional: true

  hookable@5.5.3: {}

  magic-string@0.30.21:
    dependencies:
      '@jridgewell/sourcemap-codec': 1.5.5

  nanoid@3.3.18: {}

  picocolors@1.1.1: {}

  postcss@8.5.26:
    dependencies:
      nanoid: 3.3.18
      picocolors: 1.1.1
      source-map-js: 1.2.1

  rollup@3.30.0:
    optionalDependencies:
      fsevents: 2.3.3

  source-map-js@1.2.1: {}

  unhead@1.7.0:
    dependencies:
      '@unhead/dom': 1.7.0
      '@unhead/schema': 1.7.0
      '@unhead/shared': 1.7.0
      hookable: 5.5.3

  vite@4.3.9:
    dependencies:
      esbuild: 0.17.5
      postcss: 8.5.26
      rollup: 3.30.0
    optionalDependencies:
      fsevents: 2.3.3

  vue-router@4.6.4(vue@3.5.41):
    dependencies:
      '@vue/devtools-api': 6.6.4
      vue: 3.5.41

  vue@3.5.41:
    dependencies:
      '@vue/compiler-dom': 3.5.41
      '@vue/compiler-sfc': 3.5.41
      '@vue/runtime-dom': 3.5.41
      '@vue/server-renderer': 3.5.41
      '@vue/shared': 3.5.41

  zhead@2.2.4: {}
